{
  "version": 3,
  "targets": {
    "net6.0": {
      "Apim.DevOps.Toolkit/2.0.4": {
        "type": "package"
      }
    },
    "net6.0/any": {
      "Apim.DevOps.Toolkit/2.0.4": {
        "type": "package",
        "tools": {
          "tools/net6.0/any/Apim.DevOps.Toolkit.deps.json": {},
          "tools/net6.0/any/Apim.DevOps.Toolkit.dll": {},
          "tools/net6.0/any/Apim.DevOps.Toolkit.pdb": {},
          "tools/net6.0/any/Apim.DevOps.Toolkit.runtimeconfig.json": {},
          "tools/net6.0/any/AutoMapper.dll": {},
          "tools/net6.0/any/CommandLine.dll": {},
          "tools/net6.0/any/DotnetToolSettings.xml": {},
          "tools/net6.0/any/Microsoft.Azure.KeyVault.WebKey.dll": {},
          "tools/net6.0/any/Microsoft.Azure.KeyVault.dll": {},
          "tools/net6.0/any/Microsoft.Azure.Management.ApiManagement.dll": {},
          "tools/net6.0/any/Microsoft.Azure.Management.AppService.Fluent.dll": {},
          "tools/net6.0/any/Microsoft.Azure.Management.Authorization.dll": {},
          "tools/net6.0/any/Microsoft.Azure.Management.BatchAI.Fluent.dll": {},
          "tools/net6.0/any/Microsoft.Azure.Management.Cdn.Fluent.dll": {},
          "tools/net6.0/any/Microsoft.Azure.Management.Compute.Fluent.dll": {},
          "tools/net6.0/any/Microsoft.Azure.Management.ContainerInstance.Fluent.dll": {},
          "tools/net6.0/any/Microsoft.Azure.Management.ContainerRegistry.Fluent.dll": {},
          "tools/net6.0/any/Microsoft.Azure.Management.ContainerService.Fluent.dll": {},
          "tools/net6.0/any/Microsoft.Azure.Management.CosmosDB.Fluent.dll": {},
          "tools/net6.0/any/Microsoft.Azure.Management.Dns.Fluent.dll": {},
          "tools/net6.0/any/Microsoft.Azure.Management.EventHub.Fluent.dll": {},
          "tools/net6.0/any/Microsoft.Azure.Management.Fluent.dll": {},
          "tools/net6.0/any/Microsoft.Azure.Management.Graph.RBAC.Fluent.dll": {},
          "tools/net6.0/any/Microsoft.Azure.Management.KeyVault.Fluent.dll": {},
          "tools/net6.0/any/Microsoft.Azure.Management.Locks.Fluent.dll": {},
          "tools/net6.0/any/Microsoft.Azure.Management.Monitor.Fluent.dll": {},
          "tools/net6.0/any/Microsoft.Azure.Management.Msi.Fluent.dll": {},
          "tools/net6.0/any/Microsoft.Azure.Management.Network.Fluent.dll": {},
          "tools/net6.0/any/Microsoft.Azure.Management.PrivateDns.Fluent.dll": {},
          "tools/net6.0/any/Microsoft.Azure.Management.Redis.Fluent.dll": {},
          "tools/net6.0/any/Microsoft.Azure.Management.ResourceManager.Fluent.dll": {},
          "tools/net6.0/any/Microsoft.Azure.Management.Search.Fluent.dll": {},
          "tools/net6.0/any/Microsoft.Azure.Management.ServiceBus.Fluent.dll": {},
          "tools/net6.0/any/Microsoft.Azure.Management.Sql.Fluent.dll": {},
          "tools/net6.0/any/Microsoft.Azure.Management.Storage.Fluent.dll": {},
          "tools/net6.0/any/Microsoft.Azure.Management.TrafficManager.Fluent.dll": {},
          "tools/net6.0/any/Microsoft.IdentityModel.Clients.ActiveDirectory.dll": {},
          "tools/net6.0/any/Microsoft.IdentityModel.Logging.dll": {},
          "tools/net6.0/any/Microsoft.IdentityModel.Tokens.dll": {},
          "tools/net6.0/any/Microsoft.Rest.ClientRuntime.Azure.Authentication.dll": {},
          "tools/net6.0/any/Microsoft.Rest.ClientRuntime.Azure.dll": {},
          "tools/net6.0/any/Microsoft.Rest.ClientRuntime.dll": {},
          "tools/net6.0/any/Microsoft.WindowsAzure.Storage.dll": {},
          "tools/net6.0/any/Newtonsoft.Json.dll": {},
          "tools/net6.0/any/YamlDotNet.dll": {}
        }
      }
    }
  },
  "libraries": {
    "Apim.DevOps.Toolkit/2.0.4": {
      "sha512": "7MUCJ6B/gdjf37DmTTB0o2uLc/UXFHnrCtthfi66J6I6pXPE5eG4Jz7H6Y3hOJl9sUiE29wh6vTIcN59UsYSMA==",
      "type": "package",
      "path": "apim.devops.toolkit/2.0.4",
      "hasTools": true,
      "files": [
        ".nupkg.metadata",
        ".signature.p7s",
        "apim.devops.toolkit.2.0.4.nupkg.sha512",
        "apim.devops.toolkit.nuspec",
        "tools/net5.0/any/Apim.DevOps.Toolkit.deps.json",
        "tools/net5.0/any/Apim.DevOps.Toolkit.dll",
        "tools/net5.0/any/Apim.DevOps.Toolkit.pdb",
        "tools/net5.0/any/Apim.DevOps.Toolkit.runtimeconfig.json",
        "tools/net5.0/any/AutoMapper.dll",
        "tools/net5.0/any/CommandLine.dll",
        "tools/net5.0/any/DotnetToolSettings.xml",
        "tools/net5.0/any/Microsoft.Azure.KeyVault.WebKey.dll",
        "tools/net5.0/any/Microsoft.Azure.KeyVault.dll",
        "tools/net5.0/any/Microsoft.Azure.Management.ApiManagement.dll",
        "tools/net5.0/any/Microsoft.Azure.Management.AppService.Fluent.dll",
        "tools/net5.0/any/Microsoft.Azure.Management.Authorization.dll",
        "tools/net5.0/any/Microsoft.Azure.Management.BatchAI.Fluent.dll",
        "tools/net5.0/any/Microsoft.Azure.Management.Cdn.Fluent.dll",
        "tools/net5.0/any/Microsoft.Azure.Management.Compute.Fluent.dll",
        "tools/net5.0/any/Microsoft.Azure.Management.ContainerInstance.Fluent.dll",
        "tools/net5.0/any/Microsoft.Azure.Management.ContainerRegistry.Fluent.dll",
        "tools/net5.0/any/Microsoft.Azure.Management.ContainerService.Fluent.dll",
        "tools/net5.0/any/Microsoft.Azure.Management.CosmosDB.Fluent.dll",
        "tools/net5.0/any/Microsoft.Azure.Management.Dns.Fluent.dll",
        "tools/net5.0/any/Microsoft.Azure.Management.EventHub.Fluent.dll",
        "tools/net5.0/any/Microsoft.Azure.Management.Fluent.dll",
        "tools/net5.0/any/Microsoft.Azure.Management.Graph.RBAC.Fluent.dll",
        "tools/net5.0/any/Microsoft.Azure.Management.KeyVault.Fluent.dll",
        "tools/net5.0/any/Microsoft.Azure.Management.Locks.Fluent.dll",
        "tools/net5.0/any/Microsoft.Azure.Management.Monitor.Fluent.dll",
        "tools/net5.0/any/Microsoft.Azure.Management.Msi.Fluent.dll",
        "tools/net5.0/any/Microsoft.Azure.Management.Network.Fluent.dll",
        "tools/net5.0/any/Microsoft.Azure.Management.PrivateDns.Fluent.dll",
        "tools/net5.0/any/Microsoft.Azure.Management.Redis.Fluent.dll",
        "tools/net5.0/any/Microsoft.Azure.Management.ResourceManager.Fluent.dll",
        "tools/net5.0/any/Microsoft.Azure.Management.Search.Fluent.dll",
        "tools/net5.0/any/Microsoft.Azure.Management.ServiceBus.Fluent.dll",
        "tools/net5.0/any/Microsoft.Azure.Management.Sql.Fluent.dll",
        "tools/net5.0/any/Microsoft.Azure.Management.Storage.Fluent.dll",
        "tools/net5.0/any/Microsoft.Azure.Management.TrafficManager.Fluent.dll",
        "tools/net5.0/any/Microsoft.IdentityModel.Clients.ActiveDirectory.dll",
        "tools/net5.0/any/Microsoft.IdentityModel.Logging.dll",
        "tools/net5.0/any/Microsoft.IdentityModel.Tokens.dll",
        "tools/net5.0/any/Microsoft.Rest.ClientRuntime.Azure.Authentication.dll",
        "tools/net5.0/any/Microsoft.Rest.ClientRuntime.Azure.dll",
        "tools/net5.0/any/Microsoft.Rest.ClientRuntime.dll",
        "tools/net5.0/any/Microsoft.WindowsAzure.Storage.dll",
        "tools/net5.0/any/Newtonsoft.Json.dll",
        "tools/net5.0/any/YamlDotNet.dll",
        "tools/net6.0/any/Apim.DevOps.Toolkit.deps.json",
        "tools/net6.0/any/Apim.DevOps.Toolkit.dll",
        "tools/net6.0/any/Apim.DevOps.Toolkit.pdb",
        "tools/net6.0/any/Apim.DevOps.Toolkit.runtimeconfig.json",
        "tools/net6.0/any/AutoMapper.dll",
        "tools/net6.0/any/CommandLine.dll",
        "tools/net6.0/any/DotnetToolSettings.xml",
        "tools/net6.0/any/Microsoft.Azure.KeyVault.WebKey.dll",
        "tools/net6.0/any/Microsoft.Azure.KeyVault.dll",
        "tools/net6.0/any/Microsoft.Azure.Management.ApiManagement.dll",
        "tools/net6.0/any/Microsoft.Azure.Management.AppService.Fluent.dll",
        "tools/net6.0/any/Microsoft.Azure.Management.Authorization.dll",
        "tools/net6.0/any/Microsoft.Azure.Management.BatchAI.Fluent.dll",
        "tools/net6.0/any/Microsoft.Azure.Management.Cdn.Fluent.dll",
        "tools/net6.0/any/Microsoft.Azure.Management.Compute.Fluent.dll",
        "tools/net6.0/any/Microsoft.Azure.Management.ContainerInstance.Fluent.dll",
        "tools/net6.0/any/Microsoft.Azure.Management.ContainerRegistry.Fluent.dll",
        "tools/net6.0/any/Microsoft.Azure.Management.ContainerService.Fluent.dll",
        "tools/net6.0/any/Microsoft.Azure.Management.CosmosDB.Fluent.dll",
        "tools/net6.0/any/Microsoft.Azure.Management.Dns.Fluent.dll",
        "tools/net6.0/any/Microsoft.Azure.Management.EventHub.Fluent.dll",
        "tools/net6.0/any/Microsoft.Azure.Management.Fluent.dll",
        "tools/net6.0/any/Microsoft.Azure.Management.Graph.RBAC.Fluent.dll",
        "tools/net6.0/any/Microsoft.Azure.Management.KeyVault.Fluent.dll",
        "tools/net6.0/any/Microsoft.Azure.Management.Locks.Fluent.dll",
        "tools/net6.0/any/Microsoft.Azure.Management.Monitor.Fluent.dll",
        "tools/net6.0/any/Microsoft.Azure.Management.Msi.Fluent.dll",
        "tools/net6.0/any/Microsoft.Azure.Management.Network.Fluent.dll",
        "tools/net6.0/any/Microsoft.Azure.Management.PrivateDns.Fluent.dll",
        "tools/net6.0/any/Microsoft.Azure.Management.Redis.Fluent.dll",
        "tools/net6.0/any/Microsoft.Azure.Management.ResourceManager.Fluent.dll",
        "tools/net6.0/any/Microsoft.Azure.Management.Search.Fluent.dll",
        "tools/net6.0/any/Microsoft.Azure.Management.ServiceBus.Fluent.dll",
        "tools/net6.0/any/Microsoft.Azure.Management.Sql.Fluent.dll",
        "tools/net6.0/any/Microsoft.Azure.Management.Storage.Fluent.dll",
        "tools/net6.0/any/Microsoft.Azure.Management.TrafficManager.Fluent.dll",
        "tools/net6.0/any/Microsoft.IdentityModel.Clients.ActiveDirectory.dll",
        "tools/net6.0/any/Microsoft.IdentityModel.Logging.dll",
        "tools/net6.0/any/Microsoft.IdentityModel.Tokens.dll",
        "tools/net6.0/any/Microsoft.Rest.ClientRuntime.Azure.Authentication.dll",
        "tools/net6.0/any/Microsoft.Rest.ClientRuntime.Azure.dll",
        "tools/net6.0/any/Microsoft.Rest.ClientRuntime.dll",
        "tools/net6.0/any/Microsoft.WindowsAzure.Storage.dll",
        "tools/net6.0/any/Newtonsoft.Json.dll",
        "tools/net6.0/any/YamlDotNet.dll",
        "tools/netcoreapp2.1/any/Apim.DevOps.Toolkit.deps.json",
        "tools/netcoreapp2.1/any/Apim.DevOps.Toolkit.dll",
        "tools/netcoreapp2.1/any/Apim.DevOps.Toolkit.pdb",
        "tools/netcoreapp2.1/any/Apim.DevOps.Toolkit.runtimeconfig.json",
        "tools/netcoreapp2.1/any/AutoMapper.dll",
        "tools/netcoreapp2.1/any/CommandLine.dll",
        "tools/netcoreapp2.1/any/DotnetToolSettings.xml",
        "tools/netcoreapp2.1/any/Microsoft.Azure.KeyVault.WebKey.dll",
        "tools/netcoreapp2.1/any/Microsoft.Azure.KeyVault.dll",
        "tools/netcoreapp2.1/any/Microsoft.Azure.Management.ApiManagement.dll",
        "tools/netcoreapp2.1/any/Microsoft.Azure.Management.AppService.Fluent.dll",
        "tools/netcoreapp2.1/any/Microsoft.Azure.Management.Authorization.dll",
        "tools/netcoreapp2.1/any/Microsoft.Azure.Management.BatchAI.Fluent.dll",
        "tools/netcoreapp2.1/any/Microsoft.Azure.Management.Cdn.Fluent.dll",
        "tools/netcoreapp2.1/any/Microsoft.Azure.Management.Compute.Fluent.dll",
        "tools/netcoreapp2.1/any/Microsoft.Azure.Management.ContainerInstance.Fluent.dll",
        "tools/netcoreapp2.1/any/Microsoft.Azure.Management.ContainerRegistry.Fluent.dll",
        "tools/netcoreapp2.1/any/Microsoft.Azure.Management.ContainerService.Fluent.dll",
        "tools/netcoreapp2.1/any/Microsoft.Azure.Management.CosmosDB.Fluent.dll",
        "tools/netcoreapp2.1/any/Microsoft.Azure.Management.Dns.Fluent.dll",
        "tools/netcoreapp2.1/any/Microsoft.Azure.Management.EventHub.Fluent.dll",
        "tools/netcoreapp2.1/any/Microsoft.Azure.Management.Fluent.dll",
        "tools/netcoreapp2.1/any/Microsoft.Azure.Management.Graph.RBAC.Fluent.dll",
        "tools/netcoreapp2.1/any/Microsoft.Azure.Management.KeyVault.Fluent.dll",
        "tools/netcoreapp2.1/any/Microsoft.Azure.Management.Locks.Fluent.dll",
        "tools/netcoreapp2.1/any/Microsoft.Azure.Management.Monitor.Fluent.dll",
        "tools/netcoreapp2.1/any/Microsoft.Azure.Management.Msi.Fluent.dll",
        "tools/netcoreapp2.1/any/Microsoft.Azure.Management.Network.Fluent.dll",
        "tools/netcoreapp2.1/any/Microsoft.Azure.Management.PrivateDns.Fluent.dll",
        "tools/netcoreapp2.1/any/Microsoft.Azure.Management.Redis.Fluent.dll",
        "tools/netcoreapp2.1/any/Microsoft.Azure.Management.ResourceManager.Fluent.dll",
        "tools/netcoreapp2.1/any/Microsoft.Azure.Management.Search.Fluent.dll",
        "tools/netcoreapp2.1/any/Microsoft.Azure.Management.ServiceBus.Fluent.dll",
        "tools/netcoreapp2.1/any/Microsoft.Azure.Management.Sql.Fluent.dll",
        "tools/netcoreapp2.1/any/Microsoft.Azure.Management.Storage.Fluent.dll",
        "tools/netcoreapp2.1/any/Microsoft.Azure.Management.TrafficManager.Fluent.dll",
        "tools/netcoreapp2.1/any/Microsoft.IdentityModel.Clients.ActiveDirectory.dll",
        "tools/netcoreapp2.1/any/Microsoft.IdentityModel.Logging.dll",
        "tools/netcoreapp2.1/any/Microsoft.IdentityModel.Tokens.dll",
        "tools/netcoreapp2.1/any/Microsoft.Rest.ClientRuntime.Azure.Authentication.dll",
        "tools/netcoreapp2.1/any/Microsoft.Rest.ClientRuntime.Azure.dll",
        "tools/netcoreapp2.1/any/Microsoft.Rest.ClientRuntime.dll",
        "tools/netcoreapp2.1/any/Microsoft.WindowsAzure.Storage.dll",
        "tools/netcoreapp2.1/any/Newtonsoft.Json.dll",
        "tools/netcoreapp2.1/any/YamlDotNet.dll",
        "tools/netcoreapp3.1/any/Apim.DevOps.Toolkit.deps.json",
        "tools/netcoreapp3.1/any/Apim.DevOps.Toolkit.dll",
        "tools/netcoreapp3.1/any/Apim.DevOps.Toolkit.pdb",
        "tools/netcoreapp3.1/any/Apim.DevOps.Toolkit.runtimeconfig.json",
        "tools/netcoreapp3.1/any/AutoMapper.dll",
        "tools/netcoreapp3.1/any/CommandLine.dll",
        "tools/netcoreapp3.1/any/DotnetToolSettings.xml",
        "tools/netcoreapp3.1/any/Microsoft.Azure.KeyVault.WebKey.dll",
        "tools/netcoreapp3.1/any/Microsoft.Azure.KeyVault.dll",
        "tools/netcoreapp3.1/any/Microsoft.Azure.Management.ApiManagement.dll",
        "tools/netcoreapp3.1/any/Microsoft.Azure.Management.AppService.Fluent.dll",
        "tools/netcoreapp3.1/any/Microsoft.Azure.Management.Authorization.dll",
        "tools/netcoreapp3.1/any/Microsoft.Azure.Management.BatchAI.Fluent.dll",
        "tools/netcoreapp3.1/any/Microsoft.Azure.Management.Cdn.Fluent.dll",
        "tools/netcoreapp3.1/any/Microsoft.Azure.Management.Compute.Fluent.dll",
        "tools/netcoreapp3.1/any/Microsoft.Azure.Management.ContainerInstance.Fluent.dll",
        "tools/netcoreapp3.1/any/Microsoft.Azure.Management.ContainerRegistry.Fluent.dll",
        "tools/netcoreapp3.1/any/Microsoft.Azure.Management.ContainerService.Fluent.dll",
        "tools/netcoreapp3.1/any/Microsoft.Azure.Management.CosmosDB.Fluent.dll",
        "tools/netcoreapp3.1/any/Microsoft.Azure.Management.Dns.Fluent.dll",
        "tools/netcoreapp3.1/any/Microsoft.Azure.Management.EventHub.Fluent.dll",
        "tools/netcoreapp3.1/any/Microsoft.Azure.Management.Fluent.dll",
        "tools/netcoreapp3.1/any/Microsoft.Azure.Management.Graph.RBAC.Fluent.dll",
        "tools/netcoreapp3.1/any/Microsoft.Azure.Management.KeyVault.Fluent.dll",
        "tools/netcoreapp3.1/any/Microsoft.Azure.Management.Locks.Fluent.dll",
        "tools/netcoreapp3.1/any/Microsoft.Azure.Management.Monitor.Fluent.dll",
        "tools/netcoreapp3.1/any/Microsoft.Azure.Management.Msi.Fluent.dll",
        "tools/netcoreapp3.1/any/Microsoft.Azure.Management.Network.Fluent.dll",
        "tools/netcoreapp3.1/any/Microsoft.Azure.Management.PrivateDns.Fluent.dll",
        "tools/netcoreapp3.1/any/Microsoft.Azure.Management.Redis.Fluent.dll",
        "tools/netcoreapp3.1/any/Microsoft.Azure.Management.ResourceManager.Fluent.dll",
        "tools/netcoreapp3.1/any/Microsoft.Azure.Management.Search.Fluent.dll",
        "tools/netcoreapp3.1/any/Microsoft.Azure.Management.ServiceBus.Fluent.dll",
        "tools/netcoreapp3.1/any/Microsoft.Azure.Management.Sql.Fluent.dll",
        "tools/netcoreapp3.1/any/Microsoft.Azure.Management.Storage.Fluent.dll",
        "tools/netcoreapp3.1/any/Microsoft.Azure.Management.TrafficManager.Fluent.dll",
        "tools/netcoreapp3.1/any/Microsoft.IdentityModel.Clients.ActiveDirectory.dll",
        "tools/netcoreapp3.1/any/Microsoft.IdentityModel.Logging.dll",
        "tools/netcoreapp3.1/any/Microsoft.IdentityModel.Tokens.dll",
        "tools/netcoreapp3.1/any/Microsoft.Rest.ClientRuntime.Azure.Authentication.dll",
        "tools/netcoreapp3.1/any/Microsoft.Rest.ClientRuntime.Azure.dll",
        "tools/netcoreapp3.1/any/Microsoft.Rest.ClientRuntime.dll",
        "tools/netcoreapp3.1/any/Microsoft.WindowsAzure.Storage.dll",
        "tools/netcoreapp3.1/any/Newtonsoft.Json.dll",
        "tools/netcoreapp3.1/any/YamlDotNet.dll"
      ]
    }
  },
  "projectFileDependencyGroups": {
    "net6.0": [
      "apim.devops.toolkit >= *"
    ]
  },
  "packageFolders": {
    "C:\\Users\\muriukilm\\source\\repos\\eShopOnWeb\\src\\Web\\.store\\.stage\\psjos0ir.2re": {}
  },
  "project": {
    "version": "1.0.0",
    "restore": {
      "projectUniqueName": "C:\\Users\\muriukilm\\AppData\\Local\\Temp\\5zvj21w4.k1v\\restore.csproj",
      "projectName": "restore",
      "projectPath": "C:\\Users\\muriukilm\\AppData\\Local\\Temp\\5zvj21w4.k1v\\restore.csproj",
      "packagesPath": "C:\\Users\\muriukilm\\source\\repos\\eShopOnWeb\\src\\Web\\.store\\.stage\\psjos0ir.2re",
      "outputPath": "C:\\Users\\muriukilm\\source\\repos\\eShopOnWeb\\src\\Web\\.store\\.stage\\psjos0ir.2re\\",
      "projectStyle": "DotnetToolReference",
      "configFilePaths": [
        "C:\\Users\\muriukilm\\AppData\\Roaming\\NuGet\\NuGet.Config",
        "C:\\Program Files (x86)\\NuGet\\Config\\Microsoft.VisualStudio.FallbackLocation.config",
        "C:\\Program Files (x86)\\NuGet\\Config\\Microsoft.VisualStudio.Offline.config",
        "C:\\Program Files (x86)\\NuGet\\Config\\ServiceFabricSDK.config"
      ],
      "originalTargetFrameworks": [
        "net6.0"
      ],
      "sources": {
        "C:\\Program Files (x86)\\Microsoft SDKs\\NuGetPackages\\": {},
        "C:\\Program Files\\Microsoft SDKs\\Service Fabric\\packages": {},
        "https://ITPayerApplications.pkgs.visualstudio.com/_packaging/upmc-healthplan-nuget/nuget/v3/index.json": {},
        "https://api.nuget.org/v3/index.json": {}
      },
      "frameworks": {
        "net6.0": {
          "targetAlias": "net6.0",
          "projectReferences": {}
        }
      },
      "warningProperties": {
        "warnAsError": [
          "NU1605"
        ]
      }
    },
    "frameworks": {
      "net6.0": {
        "targetAlias": "net6.0",
        "dependencies": {
          "apim.devops.toolkit": {
            "target": "Package",
            "version": "[*, )"
          }
        },
        "imports": [
          "net461",
          "net462",
          "net47",
          "net471",
          "net472",
          "net48",
          "net481"
        ],
        "assetTargetFallback": true,
        "warn": true,
        "runtimeIdentifierGraphPath": "C:\\Program Files\\dotnet\\sdk\\6.0.400\\RuntimeIdentifierGraph.json"
      }
    },
    "runtimes": {
      "any": {
        "#import": []
      }
    }
  }
}